
Microsoft Visual Studio Solution File, Format Version 12.00
# Visual Studio Version 17
VisualStudioVersion = 17.1.32328.378
MinimumVisualStudioVersion = 10.0.40219.1
Project("{FAE04EC0-301F-11D3-BF4B-00C04F79EFBC}") = "InfoGathererConsole", "InfoGathererConsole\InfoGathererConsole.csproj", "{F80FAF9A-4D15-447B-9AB6-F139BBCB0EF3}"
EndProject
Global
	GlobalSection(SolutionConfigurationPlatforms) = preSolution
		Debug|Any CPU = Debug|Any CPU
		Release|Any CPU = Release|Any CPU
	EndGlobalSection
	GlobalSection(ProjectConfigurationPlatforms) = postSolution
		{F80FAF9A-4D15-447B-9AB6-F139BBCB0EF3}.Debug|Any CPU.ActiveCfg = Debug|Any CPU
		{F80FAF9A-4D15-447B-9AB6-F139BBCB0EF3}.Debug|Any CPU.Build.0 = Debug|Any CPU
		{F80FAF9A-4D15-447B-9AB6-F139BBCB0EF3}.Release|Any CPU.ActiveCfg = Release|Any CPU
		{F80FAF9A-4D15-447B-9AB6-F139BBCB0EF3}.Release|Any CPU.Build.0 = Release|Any CPU
	EndGlobalSection
	GlobalSection(SolutionProperties) = preSolution
		HideSolutionNode = FALSE
	EndGlobalSection
	GlobalSection(ExtensibilityGlobals) = postSolution
		SolutionGuid = {24CF369B-9D49-4996-876D-ADF5C102A109}
	EndGlobalSection
EndGlobal
